
Microsoft Visual Studio Solution File, Format Version 12.00
# Visual Studio Version 16
VisualStudioVersion = 16.0.30611.23
MinimumVisualStudioVersion = 10.0.40219.1
Project("{FAE04EC0-301F-11D3-BF4B-00C04F79EFBC}") = "InstagramApp.UWP", "InstagramApp\InstagramApp.UWP\InstagramApp.UWP.csproj", "{7A6E8E15-BFA0-42D6-8362-556D9B7BC958}"
EndProject
Project("{FAE04EC0-301F-11D3-BF4B-00C04F79EFBC}") = "InstagramApp.Android", "InstagramApp\InstagramApp.Android\InstagramApp.Android.csproj", "{58A0782C-B8C9-4D64-8431-22499BDE620E}"
EndProject
Project("{FAE04EC0-301F-11D3-BF4B-00C04F79EFBC}") = "InstagramApp.iOS", "InstagramApp\InstagramApp.iOS\InstagramApp.iOS.csproj", "{6DD0FBC5-6D74-421C-B1E4-DCE1A7EEDBD6}"
EndProject
Project("{FAE04EC0-301F-11D3-BF4B-00C04F79EFBC}") = "InstagramApp", "InstagramApp\InstagramApp\InstagramApp.csproj", "{BD0270E3-F00D-4A63-8F4F-59A522F773FB}"
EndProject
Global
	GlobalSection(SolutionConfigurationPlatforms) = preSolution
		Debug|Any CPU = Debug|Any CPU
		Debug|ARM = Debug|ARM
		Debug|iPhone = Debug|iPhone
		Debug|iPhoneSimulator = Debug|iPhoneSimulator
		Debug|x64 = Debug|x64
		Debug|x86 = Debug|x86
		Release|Any CPU = Release|Any CPU
		Release|ARM = Release|ARM
		Release|iPhone = Release|iPhone
		Release|iPhoneSimulator = Release|iPhoneSimulator
		Release|x64 = Release|x64
		Release|x86 = Release|x86
	EndGlobalSection
	GlobalSection(ProjectConfigurationPlatforms) = postSolution
		{7A6E8E15-BFA0-42D6-8362-556D9B7BC958}.Debug|Any CPU.ActiveCfg = Debug|x86
		{7A6E8E15-BFA0-42D6-8362-556D9B7BC958}.Debug|Any CPU.Build.0 = Debug|x86
		{7A6E8E15-BFA0-42D6-8362-556D9B7BC958}.Debug|Any CPU.Deploy.0 = Debug|x86
		{7A6E8E15-BFA0-42D6-8362-556D9B7BC958}.Debug|ARM.ActiveCfg = Debug|ARM
		{7A6E8E15-BFA0-42D6-8362-556D9B7BC958}.Debug|ARM.Build.0 = Debug|ARM
		{7A6E8E15-BFA0-42D6-8362-556D9B7BC958}.Debug|ARM.Deploy.0 = Debug|ARM
		{7A6E8E15-BFA0-42D6-8362-556D9B7BC958}.Debug|iPhone.ActiveCfg = Debug|x86
		{7A6E8E15-BFA0-42D6-8362-556D9B7BC958}.Debug|iPhone.Build.0 = Debug|x86
		{7A6E8E15-BFA0-42D6-8362-556D9B7BC958}.Debug|iPhone.Deploy.0 = Debug|x86
		{7A6E8E15-BFA0-42D6-8362-556D9B7BC958}.Debug|iPhoneSimulator.ActiveCfg = Debug|x86
		{7A6E8E15-BFA0-42D6-8362-556D9B7BC958}.Debug|iPhoneSimulator.Build.0 = Debug|x86
		{7A6E8E15-BFA0-42D6-8362-556D9B7BC958}.Debug|iPhoneSimulator.Deploy.0 = Debug|x86
		{7A6E8E15-BFA0-42D6-8362-556D9B7BC958}.Debug|x64.ActiveCfg = Debug|x64
		{7A6E8E15-BFA0-42D6-8362-556D9B7BC958}.Debug|x64.Build.0 = Debug|x64
		{7A6E8E15-BFA0-42D6-8362-556D9B7BC958}.Debug|x64.Deploy.0 = Debug|x64
		{7A6E8E15-BFA0-42D6-8362-556D9B7BC958}.Debug|x86.ActiveCfg = Debug|x86
		{7A6E8E15-BFA0-42D6-8362-556D9B7BC958}.Debug|x86.Build.0 = Debug|x86
		{7A6E8E15-BFA0-42D6-8362-556D9B7BC958}.Debug|x86.Deploy.0 = Debug|x86
		{7A6E8E15-BFA0-42D6-8362-556D9B7BC958}.Release|Any CPU.ActiveCfg = Release|x86
		{7A6E8E15-BFA0-42D6-8362-556D9B7BC958}.Release|Any CPU.Build.0 = Release|x86
		{7A6E8E15-BFA0-42D6-8362-556D9B7BC958}.Release|Any CPU.Deploy.0 = Release|x86
		{7A6E8E15-BFA0-42D6-8362-556D9B7BC958}.Release|ARM.ActiveCfg = Release|ARM
		{7A6E8E15-BFA0-42D6-8362-556D9B7BC958}.Release|ARM.Build.0 = Release|ARM
		{7A6E8E15-BFA0-42D6-8362-556D9B7BC958}.Release|ARM.Deploy.0 = Release|ARM
		{7A6E8E15-BFA0-42D6-8362-556D9B7BC958}.Release|iPhone.ActiveCfg = Release|x86
		{7A6E8E15-BFA0-42D6-8362-556D9B7BC958}.Release|iPhone.Build.0 = Release|x86
		{7A6E8E15-BFA0-42D6-8362-556D9B7BC958}.Release|iPhone.Deploy.0 = Release|x86
		{7A6E8E15-BFA0-42D6-8362-556D9B7BC958}.Release|iPhoneSimulator.ActiveCfg = Release|x86
		{7A6E8E15-BFA0-42D6-8362-556D9B7BC958}.Release|iPhoneSimulator.Build.0 = Release|x86
		{7A6E8E15-BFA0-42D6-8362-556D9B7BC958}.Release|iPhoneSimulator.Deploy.0 = Release|x86
		{7A6E8E15-BFA0-42D6-8362-556D9B7BC958}.Release|x64.ActiveCfg = Release|x64
		{7A6E8E15-BFA0-42D6-8362-556D9B7BC958}.Release|x64.Build.0 = Release|x64
		{7A6E8E15-BFA0-42D6-8362-556D9B7BC958}.Release|x64.Deploy.0 = Release|x64
		{7A6E8E15-BFA0-42D6-8362-556D9B7BC958}.Release|x86.ActiveCfg = Release|x86
		{7A6E8E15-BFA0-42D6-8362-556D9B7BC958}.Release|x86.Build.0 = Release|x86
		{7A6E8E15-BFA0-42D6-8362-556D9B7BC958}.Release|x86.Deploy.0 = Release|x86
		{58A0782C-B8C9-4D64-8431-22499BDE620E}.Debug|Any CPU.ActiveCfg = Debug|Any CPU
		{58A0782C-B8C9-4D64-8431-22499BDE620E}.Debug|Any CPU.Build.0 = Debug|Any CPU
		{58A0782C-B8C9-4D64-8431-22499BDE620E}.Debug|Any CPU.Deploy.0 = Debug|Any CPU
		{58A0782C-B8C9-4D64-8431-22499BDE620E}.Debug|ARM.ActiveCfg = Debug|Any CPU
		{58A0782C-B8C9-4D64-8431-22499BDE620E}.Debug|ARM.Build.0 = Debug|Any CPU
		{58A0782C-B8C9-4D64-8431-22499BDE620E}.Debug|ARM.Deploy.0 = Debug|Any CPU
		{58A0782C-B8C9-4D64-8431-22499BDE620E}.Debug|iPhone.ActiveCfg = Debug|Any CPU
		{58A0782C-B8C9-4D64-8431-22499BDE620E}.Debug|iPhone.Build.0 = Debug|Any CPU
		{58A0782C-B8C9-4D64-8431-22499BDE620E}.Debug|iPhone.Deploy.0 = Debug|Any CPU
		{58A0782C-B8C9-4D64-8431-22499BDE620E}.Debug|iPhoneSimulator.ActiveCfg = Debug|Any CPU
		{58A0782C-B8C9-4D64-8431-22499BDE620E}.Debug|iPhoneSimulator.Build.0 = Debug|Any CPU
		{58A0782C-B8C9-4D64-8431-22499BDE620E}.Debug|iPhoneSimulator.Deploy.0 = Debug|Any CPU
		{58A0782C-B8C9-4D64-8431-22499BDE620E}.Debug|x64.ActiveCfg = Debug|Any CPU
		{58A0782C-B8C9-4D64-8431-22499BDE620E}.Debug|x64.Build.0 = Debug|Any CPU
		{58A0782C-B8C9-4D64-8431-22499BDE620E}.Debug|x64.Deploy.0 = Debug|Any CPU
		{58A0782C-B8C9-4D64-8431-22499BDE620E}.Debug|x86.ActiveCfg = Debug|Any CPU
		{58A0782C-B8C9-4D64-8431-22499BDE620E}.Debug|x86.Build.0 = Debug|Any CPU
		{58A0782C-B8C9-4D64-8431-22499BDE620E}.Debug|x86.Deploy.0 = Debug|Any CPU
		{58A0782C-B8C9-4D64-8431-22499BDE620E}.Release|Any CPU.ActiveCfg = Release|Any CPU
		{58A0782C-B8C9-4D64-8431-22499BDE620E}.Release|Any CPU.Build.0 = Release|Any CPU
		{58A0782C-B8C9-4D64-8431-22499BDE620E}.Release|Any CPU.Deploy.0 = Release|Any CPU
		{58A0782C-B8C9-4D64-8431-22499BDE620E}.Release|ARM.ActiveCfg = Release|Any CPU
		{58A0782C-B8C9-4D64-8431-22499BDE620E}.Release|ARM.Build.0 = Release|Any CPU
		{58A0782C-B8C9-4D64-8431-22499BDE620E}.Release|ARM.Deploy.0 = Release|Any CPU
		{58A0782C-B8C9-4D64-8431-22499BDE620E}.Release|iPhone.ActiveCfg = Release|Any CPU
		{58A0782C-B8C9-4D64-8431-22499BDE620E}.Release|iPhone.Build.0 = Release|Any CPU
		{58A0782C-B8C9-4D64-8431-22499BDE620E}.Release|iPhone.Deploy.0 = Release|Any CPU
		{58A0782C-B8C9-4D64-8431-22499BDE620E}.Release|iPhoneSimulator.ActiveCfg = Release|Any CPU
		{58A0782C-B8C9-4D64-8431-22499BDE620E}.Release|iPhoneSimulator.Build.0 = Release|Any CPU
		{58A0782C-B8C9-4D64-8431-22499BDE620E}.Release|iPhoneSimulator.Deploy.0 = Release|Any CPU
		{58A0782C-B8C9-4D64-8431-22499BDE620E}.Release|x64.ActiveCfg = Release|Any CPU
		{58A0782C-B8C9-4D64-8431-22499BDE620E}.Release|x64.Build.0 = Release|Any CPU
		{58A0782C-B8C9-4D64-8431-22499BDE620E}.Release|x64.Deploy.0 = Release|Any CPU
		{58A0782C-B8C9-4D64-8431-22499BDE620E}.Release|x86.ActiveCfg = Release|Any CPU
		{58A0782C-B8C9-4D64-8431-22499BDE620E}.Release|x86.Build.0 = Release|Any CPU
		{58A0782C-B8C9-4D64-8431-22499BDE620E}.Release|x86.Deploy.0 = Release|Any CPU
		{6DD0FBC5-6D74-421C-B1E4-DCE1A7EEDBD6}.Debug|Any CPU.ActiveCfg = Debug|iPhoneSimulator
		{6DD0FBC5-6D74-421C-B1E4-DCE1A7EEDBD6}.Debug|Any CPU.Build.0 = Debug|iPhoneSimulator
		{6DD0FBC5-6D74-421C-B1E4-DCE1A7EEDBD6}.Debug|Any CPU.Deploy.0 = Debug|iPhoneSimulator
		{6DD0FBC5-6D74-421C-B1E4-DCE1A7EEDBD6}.Debug|ARM.ActiveCfg = Debug|iPhone
		{6DD0FBC5-6D74-421C-B1E4-DCE1A7EEDBD6}.Debug|ARM.Build.0 = Debug|iPhone
		{6DD0FBC5-6D74-421C-B1E4-DCE1A7EEDBD6}.Debug|ARM.Deploy.0 = Debug|iPhone
		{6DD0FBC5-6D74-421C-B1E4-DCE1A7EEDBD6}.Debug|iPhone.ActiveCfg = Debug|iPhone
		{6DD0FBC5-6D74-421C-B1E4-DCE1A7EEDBD6}.Debug|iPhone.Build.0 = Debug|iPhone
		{6DD0FBC5-6D74-421C-B1E4-DCE1A7EEDBD6}.Debug|iPhone.Deploy.0 = Debug|iPhone
		{6DD0FBC5-6D74-421C-B1E4-DCE1A7EEDBD6}.Debug|iPhoneSimulator.ActiveCfg = Debug|iPhoneSimulator
		{6DD0FBC5-6D74-421C-B1E4-DCE1A7EEDBD6}.Debug|iPhoneSimulator.Build.0 = Debug|iPhoneSimulator
		{6DD0FBC5-6D74-421C-B1E4-DCE1A7EEDBD6}.Debug|iPhoneSimulator.Deploy.0 = Debug|iPhoneSimulator
		{6DD0FBC5-6D74-421C-B1E4-DCE1A7EEDBD6}.Debug|x64.ActiveCfg = Debug|iPhoneSimulator
		{6DD0FBC5-6D74-421C-B1E4-DCE1A7EEDBD6}.Debug|x64.Build.0 = Debug|iPhoneSimulator
		{6DD0FBC5-6D74-421C-B1E4-DCE1A7EEDBD6}.Debug|x64.Deploy.0 = Debug|iPhoneSimulator
		{6DD0FBC5-6D74-421C-B1E4-DCE1A7EEDBD6}.Debug|x86.ActiveCfg = Debug|iPhoneSimulator
		{6DD0FBC5-6D74-421C-B1E4-DCE1A7EEDBD6}.Debug|x86.Build.0 = Debug|iPhoneSimulator
		{6DD0FBC5-6D74-421C-B1E4-DCE1A7EEDBD6}.Debug|x86.Deploy.0 = Debug|iPhoneSimulator
		{6DD0FBC5-6D74-421C-B1E4-DCE1A7EEDBD6}.Release|Any CPU.ActiveCfg = Release|iPhoneSimulator
		{6DD0FBC5-6D74-421C-B1E4-DCE1A7EEDBD6}.Release|Any CPU.Build.0 = Release|iPhoneSimulator
		{6DD0FBC5-6D74-421C-B1E4-DCE1A7EEDBD6}.Release|Any CPU.Deploy.0 = Release|iPhoneSimulator
		{6DD0FBC5-6D74-421C-B1E4-DCE1A7EEDBD6}.Release|ARM.ActiveCfg = Release|iPhoneSimulator
		{6DD0FBC5-6D74-421C-B1E4-DCE1A7EEDBD6}.Release|ARM.Build.0 = Release|iPhoneSimulator
		{6DD0FBC5-6D74-421C-B1E4-DCE1A7EEDBD6}.Release|ARM.Deploy.0 = Release|iPhoneSimulator
		{6DD0FBC5-6D74-421C-B1E4-DCE1A7EEDBD6}.Release|iPhone.ActiveCfg = Release|iPhone
		{6DD0FBC5-6D74-421C-B1E4-DCE1A7EEDBD6}.Release|iPhone.Build.0 = Release|iPhone
		{6DD0FBC5-6D74-421C-B1E4-DCE1A7EEDBD6}.Release|iPhone.Deploy.0 = Release|iPhone
		{6DD0FBC5-6D74-421C-B1E4-DCE1A7EEDBD6}.Release|iPhoneSimulator.ActiveCfg = Release|iPhoneSimulator
		{6DD0FBC5-6D74-421C-B1E4-DCE1A7EEDBD6}.Release|iPhoneSimulator.Build.0 = Release|iPhoneSimulator
		{6DD0FBC5-6D74-421C-B1E4-DCE1A7EEDBD6}.Release|iPhoneSimulator.Deploy.0 = Release|iPhoneSimulator
		{6DD0FBC5-6D74-421C-B1E4-DCE1A7EEDBD6}.Release|x64.ActiveCfg = Release|iPhoneSimulator
		{6DD0FBC5-6D74-421C-B1E4-DCE1A7EEDBD6}.Release|x64.Build.0 = Release|iPhoneSimulator
		{6DD0FBC5-6D74-421C-B1E4-DCE1A7EEDBD6}.Release|x64.Deploy.0 = Release|iPhoneSimulator
		{6DD0FBC5-6D74-421C-B1E4-DCE1A7EEDBD6}.Release|x86.ActiveCfg = Release|iPhoneSimulator
		{6DD0FBC5-6D74-421C-B1E4-DCE1A7EEDBD6}.Release|x86.Build.0 = Release|iPhoneSimulator
		{6DD0FBC5-6D74-421C-B1E4-DCE1A7EEDBD6}.Release|x86.Deploy.0 = Release|iPhoneSimulator
		{BD0270E3-F00D-4A63-8F4F-59A522F773FB}.Debug|Any CPU.ActiveCfg = Debug|Any CPU
		{BD0270E3-F00D-4A63-8F4F-59A522F773FB}.Debug|Any CPU.Build.0 = Debug|Any CPU
		{BD0270E3-F00D-4A63-8F4F-59A522F773FB}.Debug|Any CPU.Deploy.0 = Debug|Any CPU
		{BD0270E3-F00D-4A63-8F4F-59A522F773FB}.Debug|ARM.ActiveCfg = Debug|Any CPU
		{BD0270E3-F00D-4A63-8F4F-59A522F773FB}.Debug|ARM.Build.0 = Debug|Any CPU
		{BD0270E3-F00D-4A63-8F4F-59A522F773FB}.Debug|ARM.Deploy.0 = Debug|Any CPU
		{BD0270E3-F00D-4A63-8F4F-59A522F773FB}.Debug|iPhone.ActiveCfg = Debug|Any CPU
		{BD0270E3-F00D-4A63-8F4F-59A522F773FB}.Debug|iPhone.Build.0 = Debug|Any CPU
		{BD0270E3-F00D-4A63-8F4F-59A522F773FB}.Debug|iPhone.Deploy.0 = Debug|Any CPU
		{BD0270E3-F00D-4A63-8F4F-59A522F773FB}.Debug|iPhoneSimulator.ActiveCfg = Debug|Any CPU
		{BD0270E3-F00D-4A63-8F4F-59A522F773FB}.Debug|iPhoneSimulator.Build.0 = Debug|Any CPU
		{BD0270E3-F00D-4A63-8F4F-59A522F773FB}.Debug|iPhoneSimulator.Deploy.0 = Debug|Any CPU
		{BD0270E3-F00D-4A63-8F4F-59A522F773FB}.Debug|x64.ActiveCfg = Debug|Any CPU
		{BD0270E3-F00D-4A63-8F4F-59A522F773FB}.Debug|x64.Build.0 = Debug|Any CPU
		{BD0270E3-F00D-4A63-8F4F-59A522F773FB}.Debug|x64.Deploy.0 = Debug|Any CPU
		{BD0270E3-F00D-4A63-8F4F-59A522F773FB}.Debug|x86.ActiveCfg = Debug|Any CPU
		{BD0270E3-F00D-4A63-8F4F-59A522F773FB}.Debug|x86.Build.0 = Debug|Any CPU
		{BD0270E3-F00D-4A63-8F4F-59A522F773FB}.Debug|x86.Deploy.0 = Debug|Any CPU
		{BD0270E3-F00D-4A63-8F4F-59A522F773FB}.Release|Any CPU.ActiveCfg = Release|Any CPU
		{BD0270E3-F00D-4A63-8F4F-59A522F773FB}.Release|Any CPU.Build.0 = Release|Any CPU
		{BD0270E3-F00D-4A63-8F4F-59A522F773FB}.Release|Any CPU.Deploy.0 = Release|Any CPU
		{BD0270E3-F00D-4A63-8F4F-59A522F773FB}.Release|ARM.ActiveCfg = Release|Any CPU
		{BD0270E3-F00D-4A63-8F4F-59A522F773FB}.Release|ARM.Build.0 = Release|Any CPU
		{BD0270E3-F00D-4A63-8F4F-59A522F773FB}.Release|ARM.Deploy.0 = Release|Any CPU
		{BD0270E3-F00D-4A63-8F4F-59A522F773FB}.Release|iPhone.ActiveCfg = Release|Any CPU
		{BD0270E3-F00D-4A63-8F4F-59A522F773FB}.Release|iPhone.Build.0 = Release|Any CPU
		{BD0270E3-F00D-4A63-8F4F-59A522F773FB}.Release|iPhone.Deploy.0 = Release|Any CPU
		{BD0270E3-F00D-4A63-8F4F-59A522F773FB}.Release|iPhoneSimulator.ActiveCfg = Release|Any CPU
		{BD0270E3-F00D-4A63-8F4F-59A522F773FB}.Release|iPhoneSimulator.Build.0 = Release|Any CPU
		{BD0270E3-F00D-4A63-8F4F-59A522F773FB}.Release|iPhoneSimulator.Deploy.0 = Release|Any CPU
		{BD0270E3-F00D-4A63-8F4F-59A522F773FB}.Release|x64.ActiveCfg = Release|Any CPU
		{BD0270E3-F00D-4A63-8F4F-59A522F773FB}.Release|x64.Build.0 = Release|Any CPU
		{BD0270E3-F00D-4A63-8F4F-59A522F773FB}.Release|x64.Deploy.0 = Release|Any CPU
		{BD0270E3-F00D-4A63-8F4F-59A522F773FB}.Release|x86.ActiveCfg = Release|Any CPU
		{BD0270E3-F00D-4A63-8F4F-59A522F773FB}.Release|x86.Build.0 = Release|Any CPU
		{BD0270E3-F00D-4A63-8F4F-59A522F773FB}.Release|x86.Deploy.0 = Release|Any CPU
	EndGlobalSection
	GlobalSection(SolutionProperties) = preSolution
		HideSolutionNode = FALSE
	EndGlobalSection
	GlobalSection(ExtensibilityGlobals) = postSolution
		SolutionGuid = {96500531-8A6B-4E73-8CF5-1316604B3CC4}
	EndGlobalSection
EndGlobal
